PODS:
  - Alamofire (5.0.5)
  - HandyJSON (5.0.2)
  - JGProgressHUD (2.1)
  - MBDocCapture (0.1.4)
  - Nimble (8.1.1)
  - Quick (3.0.0)
  - Toast-Swift (5.0.1)
  - TuIdentidadSDK (1.1.4):
    - Alamofire (~> 5.0.0-rc.3)
    - HandyJSON (~> 5.0.1)
    - JGProgressHUD
    - MBDocCapture (~> 0.1.4)
    - Toast-Swift (~> 5.0.0)

DEPENDENCIES:
  - Nimble
  - Quick
  - TuIdentidadSDK (from `../`)

SPEC REPOS:
  trunk:
    - Alamofire
    - HandyJSON
    - JGProgressHUD
    - MBDocCapture
    - Nimble
    - Quick
    - Toast-Swift

EXTERNAL SOURCES:
  TuIdentidadSDK:
    :path: "../"

SPEC CHECKSUMS:
  Alamofire: df2f8f826963b08b9a870791ad48e07a10090b2e
  HandyJSON: 9e4e236f5d2dbefad5155a77417bbea438201c03
  JGProgressHUD: aa403e9a5b45cae98903c4600cccdd98c0c3ec90
  MBDocCapture: 08165ce6f820559fd0280976c27a7e77d44f9760
  Nimble: 5f8a2fb6fa343a7242dfdd9d42f7267419d464b2
  Quick: 6d9559f40647bc4d510103842ef2fdd882d753e2
  Toast-Swift: 9b6a70f28b3bf0b96c40d46c0c4b9d6639846711
  TuIdentidadSDK: 1318ee15db5eb86e8ee42a0f67b76bfcf984f767

PODFILE CHECKSUM: 3e5854b0052f1f72f62c0d1b72b3f60aee13c489

COCOAPODS: 1.9.3
